
Microsoft Visual Studio Solution File, Format Version 12.00
# Visual Studio Version 17
VisualStudioVersion = 17.14.36616.10 d17.14
MinimumVisualStudioVersion = 10.0.40219.1
Project("{FAE04EC0-301F-11D3-BF4B-00C04F79EFBC}") = "KinectViewer", "KinectViewer.csproj", "{34BE29F7-DFDA-8353-1537-04813E847A90}"
EndProject
Global
	GlobalSection(SolutionConfigurationPlatforms) = preSolution
		Debug|Any CPU = Debug|Any CPU
		Release|Any CPU = Release|Any CPU
	EndGlobalSection
	GlobalSection(ProjectConfigurationPlatforms) = postSolution
		{34BE29F7-DFDA-8353-1537-04813E847A90}.Debug|Any CPU.ActiveCfg = Debug|Any CPU
		{34BE29F7-DFDA-8353-1537-04813E847A90}.Debug|Any CPU.Build.0 = Debug|Any CPU
		{34BE29F7-DFDA-8353-1537-04813E847A90}.Release|Any CPU.ActiveCfg = Release|Any CPU
		{34BE29F7-DFDA-8353-1537-04813E847A90}.Release|Any CPU.Build.0 = Release|Any CPU
	EndGlobalSection
	GlobalSection(SolutionProperties) = preSolution
		HideSolutionNode = FALSE
	EndGlobalSection
	GlobalSection(ExtensibilityGlobals) = postSolution
		SolutionGuid = {1742FF0B-F06A-4862-9EB5-87DFCF873684}
	EndGlobalSection
EndGlobal
